{
  "name": "zircle",
  "version": "0.3.3",
  "lockfileVersion": 1,
  "requires": true,
  "dependencies": {
    "conventional-commit-types": {
      "version": "2.2.0",
      "resolved": "https://registry.npmjs.org/conventional-commit-types/-/conventional-commit-types-2.2.0.tgz",
      "integrity": "sha1-XblXOdbCEqy+e29lahG5QLqmiUY=",
      "dev": true
    },
    "cz-conventional-changelog": {
      "version": "2.1.0",
      "resolved": "https://registry.npmjs.org/cz-conventional-changelog/-/cz-conventional-changelog-2.1.0.tgz",
      "integrity": "sha1-L0vHOQ4yROTfKT5ro1Hkx0Cnx2Q=",
      "dev": true,
      "requires": {
        "conventional-commit-types": "^2.0.0",
        "lodash.map": "^4.5.1",
        "longest": "^1.0.1",
        "right-pad": "^1.0.1",
        "word-wrap": "^1.0.3"
      }
    },
    "lodash.map": {
      "version": "4.6.0",
      "resolved": "https://registry.npmjs.org/lodash.map/-/lodash.map-4.6.0.tgz",
      "integrity": "sha1-dx7Hg540c9nEzeKLGTlMNWL09tM=",
      "dev": true
    },
    "longest": {
      "version": "1.0.1",
      "resolved": "https://registry.npmjs.org/longest/-/longest-1.0.1.tgz",
      "integrity": "sha1-MKCy2jj3N3DoKUoNIuZiXtd9AJc=",
      "dev": true
    },
    "right-pad": {
      "version": "1.0.1",
      "resolved": "https://registry.npmjs.org/right-pad/-/right-pad-1.0.1.tgz",
      "integrity": "sha1-jKCMLLtbVedNr6lr9/0aJ9VoyNA=",
      "dev": true
    },
    "vue": {
      "version": "2.5.16",
      "resolved": "https://registry.npmjs.org/vue/-/vue-2.5.16.tgz",
      "integrity": "sha512-/ffmsiVuPC8PsWcFkZngdpas19ABm5mh2wA7iDqcltyCTwlgZjHGeJYOXkBMo422iPwIcviOtrTCUpSfXmToLQ=="
    },
    "word-wrap": {
      "version": "1.2.3",
      "resolved": "https://registry.npmjs.org/word-wrap/-/word-wrap-1.2.3.tgz",
      "integrity": "sha512-Hz/mrNwitNRh/HUAtM/VT/5VH+ygD6DV7mYKZAtHOrbs8U7lvPS6xf7EJKMF0uW1KJCl0H701g3ZGus+muE5vQ==",
      "dev": true
    }
  }
}
